// !$*UTF8*$!
{
	archiveVersion = 1;
	classes = {
	};
	objectVersion = 56;
	objects = {

/* Begin PBXBuildFile section */
		8C58450B2C88D64200BC1B1B /* StampShape.swift in Sources */ = {isa = PBXBuildFile; fileRef = 8C58450A2C88D64200BC1B1B /* StampShape.swift */; };
		8CC9A6BF2C87556B00475A24 /* RumbaV2_0App.swift in Sources */ = {isa = PBXBuildFile; fileRef = 8CC9A6BE2C87556B00475A24 /* RumbaV2_0App.swift */; };
		8CC9A6C12C87556B00475A24 /* ContentView.swift in Sources */ = {isa = PBXBuildFile; fileRef = 8CC9A6C02C87556B00475A24 /* ContentView.swift */; };
		8CC9A6C32C87556D00475A24 /* Assets.xcassets in Resources */ = {isa = PBXBuildFile; fileRef = 8CC9A6C22C87556D00475A24 /* Assets.xcassets */; };
		8CC9A6C62C87556D00475A24 /* Preview Assets.xcassets in Resources */ = {isa = PBXBuildFile; fileRef = 8CC9A6C52C87556D00475A24 /* Preview Assets.xcassets */; };
		8CC9A6D02C87563400475A24 /* djCodeView.swift in Sources */ = {isa = PBXBuildFile; fileRef = 8CC9A6CF2C87563400475A24 /* djCodeView.swift */; };
		8CC9A6D22C87567300475A24 /* HomeView.swift in Sources */ = {isa = PBXBuildFile; fileRef = 8CC9A6D12C87567300475A24 /* HomeView.swift */; };
		8CC9A6D42C87568000475A24 /* PurchaseView.swift in Sources */ = {isa = PBXBuildFile; fileRef = 8CC9A6D32C87568000475A24 /* PurchaseView.swift */; };
		8CC9A6D62C87568E00475A24 /* LibraryView.swift in Sources */ = {isa = PBXBuildFile; fileRef = 8CC9A6D52C87568E00475A24 /* LibraryView.swift */; };
		8CC9A6D92C876A3D00475A24 /* LoginView.swift in Sources */ = {isa = PBXBuildFile; fileRef = 8CC9A6D82C876A3D00475A24 /* LoginView.swift */; };
		8CC9A6DB2C876A4A00475A24 /* RegisterView.swift in Sources */ = {isa = PBXBuildFile; fileRef = 8CC9A6DA2C876A4A00475A24 /* RegisterView.swift */; };
		8CC9A6DE2C87804800475A24 /* RumbaState.swift in Sources */ = {isa = PBXBuildFile; fileRef = 8CC9A6DD2C87804800475A24 /* RumbaState.swift */; };
		8CC9A6E02C87837E00475A24 /* LaunchScreenView.swift in Sources */ = {isa = PBXBuildFile; fileRef = 8CC9A6DF2C87837E00475A24 /* LaunchScreenView.swift */; };
		8CC9A6E42C87AE4400475A24 /* UserModel.swift in Sources */ = {isa = PBXBuildFile; fileRef = 8CC9A6E32C87AE4400475A24 /* UserModel.swift */; };
		8CC9A6E62C87AEC900475A24 /* AuthViewModel.swift in Sources */ = {isa = PBXBuildFile; fileRef = 8CC9A6E52C87AEC900475A24 /* AuthViewModel.swift */; };
		8CC9A6E92C87B4C000475A24 /* AuthService.swift in Sources */ = {isa = PBXBuildFile; fileRef = 8CC9A6E82C87B4C000475A24 /* AuthService.swift */; };
		8CDD117C2C8B6F9C0012B34A /* LocalStorage.swift in Sources */ = {isa = PBXBuildFile; fileRef = 8CDD117B2C8B6F9C0012B34A /* LocalStorage.swift */; };
		8CDD117F2C8F72050012B34A /* AtuhViewLogin.swift in Sources */ = {isa = PBXBuildFile; fileRef = 8CDD117E2C8F72050012B34A /* AtuhViewLogin.swift */; };
		8CDF6C6E2C9A5BCF00BB96FC /* TabBar.swift in Sources */ = {isa = PBXBuildFile; fileRef = 8CDF6C6D2C9A5BCF00BB96FC /* TabBar.swift */; };
		8CDF6C732C9A812F00BB96FC /* CustomerCodeView.swift in Sources */ = {isa = PBXBuildFile; fileRef = 8CDF6C722C9A812F00BB96FC /* CustomerCodeView.swift */; };
		8CDF6C762C9A885000BB96FC /* WelcomeView.swift in Sources */ = {isa = PBXBuildFile; fileRef = 8CDF6C752C9A885000BB96FC /* WelcomeView.swift */; };
		8CDF6C792C9B1A8200BB96FC /* ConfigurationView.swift in Sources */ = {isa = PBXBuildFile; fileRef = 8CDF6C782C9B1A8200BB96FC /* ConfigurationView.swift */; };
		8CDF6C7B2C9B223900BB96FC /* ColorsTextView.swift in Sources */ = {isa = PBXBuildFile; fileRef = 8CDF6C7A2C9B223900BB96FC /* ColorsTextView.swift */; };
		8CDF6C7D2C9B324A00BB96FC /* RoomDjView.swift in Sources */ = {isa = PBXBuildFile; fileRef = 8CDF6C7C2C9B324A00BB96FC /* RoomDjView.swift */; };
		8CDF6C942C9B34A900BB96FC /* Poppins-Bold.ttf in Resources */ = {isa = PBXBuildFile; fileRef = 8CDF6C812C9B34A900BB96FC /* Poppins-Bold.ttf */; };
		8CDF6C9B2C9B34A900BB96FC /* Poppins-Light.ttf in Resources */ = {isa = PBXBuildFile; fileRef = 8CDF6C882C9B34A900BB96FC /* Poppins-Light.ttf */; };
		8CDF6C9F2C9B34A900BB96FC /* Poppins-Regular.ttf in Resources */ = {isa = PBXBuildFile; fileRef = 8CDF6C8C2C9B34A900BB96FC /* Poppins-Regular.ttf */; };
		8CDF6CA02C9B34A900BB96FC /* Poppins-SemiBold.ttf in Resources */ = {isa = PBXBuildFile; fileRef = 8CDF6C8D2C9B34A900BB96FC /* Poppins-SemiBold.ttf */; };
		8CDF6CA52C9B400F00BB96FC /* ListGuestsView.swift in Sources */ = {isa = PBXBuildFile; fileRef = 8CDF6CA42C9B400F00BB96FC /* ListGuestsView.swift */; };
		8CE3E9482C9C9804004B5FBE /* TabBarViewModel.swift in Sources */ = {isa = PBXBuildFile; fileRef = 8CE3E9472C9C9804004B5FBE /* TabBarViewModel.swift */; };
		8CE3E94A2C9CCE03004B5FBE /* RecuperationForNumberView.swift in Sources */ = {isa = PBXBuildFile; fileRef = 8CE3E9492C9CCE03004B5FBE /* RecuperationForNumberView.swift */; };
		8CE3E94C2C9CD6FC004B5FBE /* CodeVerificationView.swift in Sources */ = {isa = PBXBuildFile; fileRef = 8CE3E94B2C9CD6FC004B5FBE /* CodeVerificationView.swift */; };
		8CE3E94E2C9CDF63004B5FBE /* UserView.swift in Sources */ = {isa = PBXBuildFile; fileRef = 8CE3E94D2C9CDF63004B5FBE /* UserView.swift */; };
/* End PBXBuildFile section */

/* Begin PBXFileReference section */
		8C58450A2C88D64200BC1B1B /* StampShape.swift */ = {isa = PBXFileReference; lastKnownFileType = sourcecode.swift; path = StampShape.swift; sourceTree = "<group>"; };
		8CC9A6BB2C87556B00475A24 /* RumbaV2.0.app */ = {isa = PBXFileReference; explicitFileType = wrapper.application; includeInIndex = 0; path = RumbaV2.0.app; sourceTree = BUILT_PRODUCTS_DIR; };
		8CC9A6BE2C87556B00475A24 /* RumbaV2_0App.swift */ = {isa = PBXFileReference; lastKnownFileType = sourcecode.swift; path = RumbaV2_0App.swift; sourceTree = "<group>"; };
		8CC9A6C02C87556B00475A24 /* ContentView.swift */ = {isa = PBXFileReference; lastKnownFileType = sourcecode.swift; path = ContentView.swift; sourceTree = "<group>"; };
		8CC9A6C22C87556D00475A24 /* Assets.xcassets */ = {isa = PBXFileReference; lastKnownFileType = folder.assetcatalog; path = Assets.xcassets; sourceTree = "<group>"; };
		8CC9A6C52C87556D00475A24 /* Preview Assets.xcassets */ = {isa = PBXFileReference; lastKnownFileType = folder.assetcatalog; path = "Preview Assets.xcassets"; sourceTree = "<group>"; };
		8CC9A6CF2C87563400475A24 /* djCodeView.swift */ = {isa = PBXFileReference; lastKnownFileType = sourcecode.swift; path = djCodeView.swift; sourceTree = "<group>"; };
		8CC9A6D12C87567300475A24 /* HomeView.swift */ = {isa = PBXFileReference; lastKnownFileType = sourcecode.swift; path = HomeView.swift; sourceTree = "<group>"; };
		8CC9A6D32C87568000475A24 /* PurchaseView.swift */ = {isa = PBXFileReference; lastKnownFileType = sourcecode.swift; path = PurchaseView.swift; sourceTree = "<group>"; };
		8CC9A6D52C87568E00475A24 /* LibraryView.swift */ = {isa = PBXFileReference; lastKnownFileType = sourcecode.swift; path = LibraryView.swift; sourceTree = "<group>"; };
		8CC9A6D82C876A3D00475A24 /* LoginView.swift */ = {isa = PBXFileReference; lastKnownFileType = sourcecode.swift; path = LoginView.swift; sourceTree = "<group>"; };
		8CC9A6DA2C876A4A00475A24 /* RegisterView.swift */ = {isa = PBXFileReference; lastKnownFileType = sourcecode.swift; path = RegisterView.swift; sourceTree = "<group>"; };
		8CC9A6DD2C87804800475A24 /* RumbaState.swift */ = {isa = PBXFileReference; lastKnownFileType = sourcecode.swift; path = RumbaState.swift; sourceTree = "<group>"; };
		8CC9A6DF2C87837E00475A24 /* LaunchScreenView.swift */ = {isa = PBXFileReference; lastKnownFileType = sourcecode.swift; path = LaunchScreenView.swift; sourceTree = "<group>"; };
		8CC9A6E32C87AE4400475A24 /* UserModel.swift */ = {isa = PBXFileReference; lastKnownFileType = sourcecode.swift; path = UserModel.swift; sourceTree = "<group>"; };
		8CC9A6E52C87AEC900475A24 /* AuthViewModel.swift */ = {isa = PBXFileReference; lastKnownFileType = sourcecode.swift; path = AuthViewModel.swift; sourceTree = "<group>"; };
		8CC9A6E82C87B4C000475A24 /* AuthService.swift */ = {isa = PBXFileReference; lastKnownFileType = sourcecode.swift; path = AuthService.swift; sourceTree = "<group>"; };
		8CD5C8FF2C8A8D1E0078FAED /* RumbaV2-0-Info.plist */ = {isa = PBXFileReference; lastKnownFileType = text.plist; path = "RumbaV2-0-Info.plist"; sourceTree = SOURCE_ROOT; };
		8CDD117B2C8B6F9C0012B34A /* LocalStorage.swift */ = {isa = PBXFileReference; lastKnownFileType = sourcecode.swift; path = LocalStorage.swift; sourceTree = "<group>"; };
		8CDD117E2C8F72050012B34A /* AtuhViewLogin.swift */ = {isa = PBXFileReference; lastKnownFileType = sourcecode.swift; path = AtuhViewLogin.swift; sourceTree = "<group>"; };
		8CDF6C6D2C9A5BCF00BB96FC /* TabBar.swift */ = {isa = PBXFileReference; lastKnownFileType = sourcecode.swift; path = TabBar.swift; sourceTree = "<group>"; };
		8CDF6C722C9A812F00BB96FC /* CustomerCodeView.swift */ = {isa = PBXFileReference; lastKnownFileType = sourcecode.swift; path = CustomerCodeView.swift; sourceTree = "<group>"; };
		8CDF6C752C9A885000BB96FC /* WelcomeView.swift */ = {isa = PBXFileReference; lastKnownFileType = sourcecode.swift; path = WelcomeView.swift; sourceTree = "<group>"; };
		8CDF6C782C9B1A8200BB96FC /* ConfigurationView.swift */ = {isa = PBXFileReference; lastKnownFileType = sourcecode.swift; path = ConfigurationView.swift; sourceTree = "<group>"; };
		8CDF6C7A2C9B223900BB96FC /* ColorsTextView.swift */ = {isa = PBXFileReference; lastKnownFileType = sourcecode.swift; path = ColorsTextView.swift; sourceTree = "<group>"; };
		8CDF6C7C2C9B324A00BB96FC /* RoomDjView.swift */ = {isa = PBXFileReference; lastKnownFileType = sourcecode.swift; path = RoomDjView.swift; sourceTree = "<group>"; };
		8CDF6C812C9B34A900BB96FC /* Poppins-Bold.ttf */ = {isa = PBXFileReference; lastKnownFileType = file; path = "Poppins-Bold.ttf"; sourceTree = "<group>"; };
		8CDF6C882C9B34A900BB96FC /* Poppins-Light.ttf */ = {isa = PBXFileReference; lastKnownFileType = file; path = "Poppins-Light.ttf"; sourceTree = "<group>"; };
		8CDF6C8C2C9B34A900BB96FC /* Poppins-Regular.ttf */ = {isa = PBXFileReference; lastKnownFileType = file; path = "Poppins-Regular.ttf"; sourceTree = "<group>"; };
		8CDF6C8D2C9B34A900BB96FC /* Poppins-SemiBold.ttf */ = {isa = PBXFileReference; lastKnownFileType = file; path = "Poppins-SemiBold.ttf"; sourceTree = "<group>"; };
		8CDF6CA42C9B400F00BB96FC /* ListGuestsView.swift */ = {isa = PBXFileReference; lastKnownFileType = sourcecode.swift; path = ListGuestsView.swift; sourceTree = "<group>"; };
		8CE3E9472C9C9804004B5FBE /* TabBarViewModel.swift */ = {isa = PBXFileReference; lastKnownFileType = sourcecode.swift; path = TabBarViewModel.swift; sourceTree = "<group>"; };
		8CE3E9492C9CCE03004B5FBE /* RecuperationForNumberView.swift */ = {isa = PBXFileReference; lastKnownFileType = sourcecode.swift; path = RecuperationForNumberView.swift; sourceTree = "<group>"; };
		8CE3E94B2C9CD6FC004B5FBE /* CodeVerificationView.swift */ = {isa = PBXFileReference; lastKnownFileType = sourcecode.swift; path = CodeVerificationView.swift; sourceTree = "<group>"; };
		8CE3E94D2C9CDF63004B5FBE /* UserView.swift */ = {isa = PBXFileReference; lastKnownFileType = sourcecode.swift; path = UserView.swift; sourceTree = "<group>"; };
/* End PBXFileReference section */

/* Begin PBXFrameworksBuildPhase section */
		8CC9A6B82C87556B00475A24 /* Frameworks */ = {
			isa = PBXFrameworksBuildPhase;
			buildActionMask = 2147483647;
			files = (
			);
			runOnlyForDeploymentPostprocessing = 0;
		};
/* End PBXFrameworksBuildPhase section */

/* Begin PBXGroup section */
		8CC9A6B22C87556B00475A24 = {
			isa = PBXGroup;
			children = (
				8CC9A6BD2C87556B00475A24 /* RumbaV2.0 */,
				8CC9A6BC2C87556B00475A24 /* Products */,
			);
			sourceTree = "<group>";
		};
		8CC9A6BC2C87556B00475A24 /* Products */ = {
			isa = PBXGroup;
			children = (
				8CC9A6BB2C87556B00475A24 /* RumbaV2.0.app */,
			);
			name = Products;
			sourceTree = "<group>";
		};
		8CC9A6BD2C87556B00475A24 /* RumbaV2.0 */ = {
			isa = PBXGroup;
			children = (
				8CDF6C7E2C9B345C00BB96FC /* FontsPoppins */,
				8CD5C8FF2C8A8D1E0078FAED /* RumbaV2-0-Info.plist */,
				8CC9A6BE2C87556B00475A24 /* RumbaV2_0App.swift */,
				8CC9A6C02C87556B00475A24 /* ContentView.swift */,
				8CC9A6E22C87AE3300475A24 /* Model */,
				8CC9A6E12C87AE1F00475A24 /* ViewModel */,
				8CC9A6CE2C8755DD00475A24 /* MainViews */,
				8CC9A6C22C87556D00475A24 /* Assets.xcassets */,
				8CC9A6C42C87556D00475A24 /* Preview Content */,
			);
			path = RumbaV2.0;
			sourceTree = "<group>";
		};
		8CC9A6C42C87556D00475A24 /* Preview Content */ = {
			isa = PBXGroup;
			children = (
				8CC9A6C52C87556D00475A24 /* Preview Assets.xcassets */,
			);
			path = "Preview Content";
			sourceTree = "<group>";
		};
		8CC9A6CE2C8755DD00475A24 /* MainViews */ = {
			isa = PBXGroup;
			children = (
				8CC9A6DC2C87802700475A24 /* AuxiliaryDetailView */,
				8CC9A6D72C876A2100475A24 /* AuthenticationViews */,
				8CDF6C702C9A77C400BB96FC /* Views */,
			);
			path = MainViews;
			sourceTree = "<group>";
		};
		8CC9A6D72C876A2100475A24 /* AuthenticationViews */ = {
			isa = PBXGroup;
			children = (
				8CC9A6D82C876A3D00475A24 /* LoginView.swift */,
				8CC9A6DA2C876A4A00475A24 /* RegisterView.swift */,
				8CE3E9492C9CCE03004B5FBE /* RecuperationForNumberView.swift */,
				8CE3E94B2C9CD6FC004B5FBE /* CodeVerificationView.swift */,
			);
			name = AuthenticationViews;
			sourceTree = "<group>";
		};
		8CC9A6DC2C87802700475A24 /* AuxiliaryDetailView */ = {
			isa = PBXGroup;
			children = (
				8CC9A6DD2C87804800475A24 /* RumbaState.swift */,
				8CDD117D2C8F71DC0012B34A /* AuxuliaryAuthentication */,
				8C58450A2C88D64200BC1B1B /* StampShape.swift */,
				8CDF6C7A2C9B223900BB96FC /* ColorsTextView.swift */,
			);
			path = AuxiliaryDetailView;
			sourceTree = "<group>";
		};
		8CC9A6E12C87AE1F00475A24 /* ViewModel */ = {
			isa = PBXGroup;
			children = (
				8CC9A6E52C87AEC900475A24 /* AuthViewModel.swift */,
				8CE3E9472C9C9804004B5FBE /* TabBarViewModel.swift */,
				8CC9A6E72C87B4A000475A24 /* NetworkService */,
			);
			name = ViewModel;
			path = MainViews;
			sourceTree = "<group>";
		};
		8CC9A6E22C87AE3300475A24 /* Model */ = {
			isa = PBXGroup;
			children = (
				8CC9A6E32C87AE4400475A24 /* UserModel.swift */,
			);
			name = Model;
			sourceTree = "<group>";
		};
		8CC9A6E72C87B4A000475A24 /* NetworkService */ = {
			isa = PBXGroup;
			children = (
				8CC9A6E82C87B4C000475A24 /* AuthService.swift */,
				8CDD117A2C8B6F840012B34A /* LocalStorage */,
			);
			name = NetworkService;
			sourceTree = "<group>";
		};
		8CDD117A2C8B6F840012B34A /* LocalStorage */ = {
			isa = PBXGroup;
			children = (
				8CDD117B2C8B6F9C0012B34A /* LocalStorage.swift */,
			);
			path = LocalStorage;
			sourceTree = "<group>";
		};
		8CDD117D2C8F71DC0012B34A /* AuxuliaryAuthentication */ = {
			isa = PBXGroup;
			children = (
				8CDD117E2C8F72050012B34A /* AtuhViewLogin.swift */,
			);
			path = AuxuliaryAuthentication;
			sourceTree = "<group>";
		};
		8CDF6C6F2C9A77AA00BB96FC /* DjViews */ = {
			isa = PBXGroup;
			children = (
				8CC9A6CF2C87563400475A24 /* djCodeView.swift */,
				8CDF6C7C2C9B324A00BB96FC /* RoomDjView.swift */,
				8CDF6CA42C9B400F00BB96FC /* ListGuestsView.swift */,
			);
			name = DjViews;
			path = ..;
			sourceTree = "<group>";
		};
		8CDF6C702C9A77C400BB96FC /* Views */ = {
			isa = PBXGroup;
			children = (
				8CDF6C742C9A878700BB96FC /* Main */,
				8CDF6C712C9A80E700BB96FC /* CustomersViews */,
				8CDF6C6F2C9A77AA00BB96FC /* DjViews */,
				8CDF6C772C9B1A5000BB96FC /* ConfigurationViews */,
			);
			path = Views;
			sourceTree = "<group>";
		};
		8CDF6C712C9A80E700BB96FC /* CustomersViews */ = {
			isa = PBXGroup;
			children = (
				8CDF6C722C9A812F00BB96FC /* CustomerCodeView.swift */,
			);
			name = CustomersViews;
			sourceTree = "<group>";
		};
		8CDF6C742C9A878700BB96FC /* Main */ = {
			isa = PBXGroup;
			children = (
				8CC9A6DF2C87837E00475A24 /* LaunchScreenView.swift */,
				8CDF6C6D2C9A5BCF00BB96FC /* TabBar.swift */,
				8CDF6C752C9A885000BB96FC /* WelcomeView.swift */,
				8CC9A6D12C87567300475A24 /* HomeView.swift */,
				8CC9A6D32C87568000475A24 /* PurchaseView.swift */,
				8CC9A6D52C87568E00475A24 /* LibraryView.swift */,
			);
			name = Main;
			sourceTree = "<group>";
		};
		8CDF6C772C9B1A5000BB96FC /* ConfigurationViews */ = {
			isa = PBXGroup;
			children = (
				8CDF6C782C9B1A8200BB96FC /* ConfigurationView.swift */,
				8CE3E94D2C9CDF63004B5FBE /* UserView.swift */,
			);
			path = ConfigurationViews;
			sourceTree = "<group>";
		};
		8CDF6C7E2C9B345C00BB96FC /* FontsPoppins */ = {
			isa = PBXGroup;
			children = (
				8CDF6C912C9B34A900BB96FC /* poppins */,
			);
			name = FontsPoppins;
			sourceTree = "<group>";
		};
		8CDF6C912C9B34A900BB96FC /* poppins */ = {
			isa = PBXGroup;
			children = (
				8CDF6C812C9B34A900BB96FC /* Poppins-Bold.ttf */,
				8CDF6C882C9B34A900BB96FC /* Poppins-Light.ttf */,
				8CDF6C8C2C9B34A900BB96FC /* Poppins-Regular.ttf */,
				8CDF6C8D2C9B34A900BB96FC /* Poppins-SemiBold.ttf */,
			);
			path = poppins;
			sourceTree = "<group>";
		};
/* End PBXGroup section */

/* Begin PBXNativeTarget section */
		8CC9A6BA2C87556B00475A24 /* RumbaV2.0 */ = {
			isa = PBXNativeTarget;
			buildConfigurationList = 8CC9A6C92C87556D00475A24 /* Build configuration list for PBXNativeTarget "RumbaV2.0" */;
			buildPhases = (
				8CC9A6B72C87556B00475A24 /* Sources */,
				8CC9A6B82C87556B00475A24 /* Frameworks */,
				8CC9A6B92C87556B00475A24 /* Resources */,
			);
			buildRules = (
			);
			dependencies = (
			);
			name = RumbaV2.0;
			productName = RumbaV2.0;
			productReference = 8CC9A6BB2C87556B00475A24 /* RumbaV2.0.app */;
			productType = "com.apple.product-type.application";
		};
/* End PBXNativeTarget section */

/* Begin PBXProject section */
		8CC9A6B32C87556B00475A24 /* Project object */ = {
			isa = PBXProject;
			attributes = {
				BuildIndependentTargetsInParallel = 1;
				LastSwiftUpdateCheck = 1540;
				LastUpgradeCheck = 1540;
				TargetAttributes = {
					8CC9A6BA2C87556B00475A24 = {
						CreatedOnToolsVersion = 15.4;
					};
				};
			};
			buildConfigurationList = 8CC9A6B62C87556B00475A24 /* Build configuration list for PBXProject "RumbaV2.0" */;
			compatibilityVersion = "Xcode 14.0";
			developmentRegion = en;
			hasScannedForEncodings = 0;
			knownRegions = (
				en,
				Base,
			);
			mainGroup = 8CC9A6B22C87556B00475A24;
			productRefGroup = 8CC9A6BC2C87556B00475A24 /* Products */;
			projectDirPath = "";
			projectRoot = "";
			targets = (
				8CC9A6BA2C87556B00475A24 /* RumbaV2.0 */,
			);
		};
/* End PBXProject section */

/* Begin PBXResourcesBuildPhase section */
		8CC9A6B92C87556B00475A24 /* Resources */ = {
			isa = PBXResourcesBuildPhase;
			buildActionMask = 2147483647;
			files = (
				8CDF6C9F2C9B34A900BB96FC /* Poppins-Regular.ttf in Resources */,
				8CDF6C942C9B34A900BB96FC /* Poppins-Bold.ttf in Resources */,
				8CDF6C9B2C9B34A900BB96FC /* Poppins-Light.ttf in Resources */,
				8CC9A6C62C87556D00475A24 /* Preview Assets.xcassets in Resources */,
				8CC9A6C32C87556D00475A24 /* Assets.xcassets in Resources */,
				8CDF6CA02C9B34A900BB96FC /* Poppins-SemiBold.ttf in Resources */,
			);
			runOnlyForDeploymentPostprocessing = 0;
		};
/* End PBXResourcesBuildPhase section */

/* Begin PBXSourcesBuildPhase section */
		8CC9A6B72C87556B00475A24 /* Sources */ = {
			isa = PBXSourcesBuildPhase;
			buildActionMask = 2147483647;
			files = (
				8CC9A6C12C87556B00475A24 /* ContentView.swift in Sources */,
				8CDF6CA52C9B400F00BB96FC /* ListGuestsView.swift in Sources */,
				8CDF6C792C9B1A8200BB96FC /* ConfigurationView.swift in Sources */,
				8CC9A6D92C876A3D00475A24 /* LoginView.swift in Sources */,
				8CC9A6D62C87568E00475A24 /* LibraryView.swift in Sources */,
				8CC9A6D22C87567300475A24 /* HomeView.swift in Sources */,
				8CDF6C7D2C9B324A00BB96FC /* RoomDjView.swift in Sources */,
				8CDD117F2C8F72050012B34A /* AtuhViewLogin.swift in Sources */,
				8CE3E94A2C9CCE03004B5FBE /* RecuperationForNumberView.swift in Sources */,
				8CC9A6D02C87563400475A24 /* djCodeView.swift in Sources */,
				8CC9A6E02C87837E00475A24 /* LaunchScreenView.swift in Sources */,
				8CDF6C6E2C9A5BCF00BB96FC /* TabBar.swift in Sources */,
				8CDD117C2C8B6F9C0012B34A /* LocalStorage.swift in Sources */,
				8CDF6C7B2C9B223900BB96FC /* ColorsTextView.swift in Sources */,
				8CC9A6E92C87B4C000475A24 /* AuthService.swift in Sources */,
				8CC9A6DE2C87804800475A24 /* RumbaState.swift in Sources */,
				8CC9A6DB2C876A4A00475A24 /* RegisterView.swift in Sources */,
				8CE3E9482C9C9804004B5FBE /* TabBarViewModel.swift in Sources */,
				8CC9A6E62C87AEC900475A24 /* AuthViewModel.swift in Sources */,
				8CC9A6D42C87568000475A24 /* PurchaseView.swift in Sources */,
				8CC9A6BF2C87556B00475A24 /* RumbaV2_0App.swift in Sources */,
				8CDF6C732C9A812F00BB96FC /* CustomerCodeView.swift in Sources */,
				8CE3E94C2C9CD6FC004B5FBE /* CodeVerificationView.swift in Sources */,
				8CC9A6E42C87AE4400475A24 /* UserModel.swift in Sources */,
				8C58450B2C88D64200BC1B1B /* StampShape.swift in Sources */,
				8CE3E94E2C9CDF63004B5FBE /* UserView.swift in Sources */,
				8CDF6C762C9A885000BB96FC /* WelcomeView.swift in Sources */,
			);
			runOnlyForDeploymentPostprocessing = 0;
		};
/* End PBXSourcesBuildPhase section */

/* Begin XCBuildConfiguration section */
		8CC9A6C72C87556D00475A24 /* Debug */ = {
			isa = XCBuildConfiguration;
			buildSettings = {
				ALWAYS_SEARCH_USER_PATHS = NO;
				ASSETCATALOG_COMPILER_GENERATE_SWIFT_ASSET_SYMBOL_EXTENSIONS = YES;
				CLANG_ANALYZER_NONNULL = YES;
				CLANG_ANALYZER_NUMBER_OBJECT_CONVERSION = YES_AGGRESSIVE;
				CLANG_CXX_LANGUAGE_STANDARD = "gnu++20";
				CLANG_ENABLE_MODULES = YES;
				CLANG_ENABLE_OBJC_ARC = YES;
				CLANG_ENABLE_OBJC_WEAK = YES;
				CLANG_WARN_BLOCK_CAPTURE_AUTORELEASING = YES;
				CLANG_WARN_BOOL_CONVERSION = YES;
				CLANG_WARN_COMMA = YES;
				CLANG_WARN_CONSTANT_CONVERSION = YES;
				CLANG_WARN_DEPRECATED_OBJC_IMPLEMENTATIONS = YES;
				CLANG_WARN_DIRECT_OBJC_ISA_USAGE = YES_ERROR;
				CLANG_WARN_DOCUMENTATION_COMMENTS = YES;
				CLANG_WARN_EMPTY_BODY = YES;
				CLANG_WARN_ENUM_CONVERSION = YES;
				CLANG_WARN_INFINITE_RECURSION = YES;
				CLANG_WARN_INT_CONVERSION = YES;
				CLANG_WARN_NON_LITERAL_NULL_CONVERSION = YES;
				CLANG_WARN_OBJC_IMPLICIT_RETAIN_SELF = YES;
				CLANG_WARN_OBJC_LITERAL_CONVERSION = YES;
				CLANG_WARN_OBJC_ROOT_CLASS = YES_ERROR;
				CLANG_WARN_QUOTED_INCLUDE_IN_FRAMEWORK_HEADER = YES;
				CLANG_WARN_RANGE_LOOP_ANALYSIS = YES;
				CLANG_WARN_STRICT_PROTOTYPES = YES;
				CLANG_WARN_SUSPICIOUS_MOVE = YES;
				CLANG_WARN_UNGUARDED_AVAILABILITY = YES_AGGRESSIVE;
				CLANG_WARN_UNREACHABLE_CODE = YES;
				CLANG_WARN__DUPLICATE_METHOD_MATCH = YES;
				COPY_PHASE_STRIP = NO;
				DEBUG_INFORMATION_FORMAT = dwarf;
				ENABLE_STRICT_OBJC_MSGSEND = YES;
				ENABLE_TESTABILITY = YES;
				ENABLE_USER_SCRIPT_SANDBOXING = YES;
				GCC_C_LANGUAGE_STANDARD = gnu17;
				GCC_DYNAMIC_NO_PIC = NO;
				GCC_NO_COMMON_BLOCKS = YES;
				GCC_OPTIMIZATION_LEVEL = 0;
				GCC_PREPROCESSOR_DEFINITIONS = (
					"DEBUG=1",
					"$(inherited)",
				);
				GCC_WARN_64_TO_32_BIT_CONVERSION = YES;
				GCC_WARN_ABOUT_RETURN_TYPE = YES_ERROR;
				GCC_WARN_UNDECLARED_SELECTOR = YES;
				GCC_WARN_UNINITIALIZED_AUTOS = YES_AGGRESSIVE;
				GCC_WARN_UNUSED_FUNCTION = YES;
				GCC_WARN_UNUSED_VARIABLE = YES;
				IPHONEOS_DEPLOYMENT_TARGET = 17.5;
				LOCALIZATION_PREFERS_STRING_CATALOGS = YES;
				MTL_ENABLE_DEBUG_INFO = INCLUDE_SOURCE;
				MTL_FAST_MATH = YES;
				ONLY_ACTIVE_ARCH = YES;
				SDKROOT = iphoneos;
				SWIFT_ACTIVE_COMPILATION_CONDITIONS = "DEBUG $(inherited)";
				SWIFT_OPTIMIZATION_LEVEL = "-Onone";
			};
			name = Debug;
		};
		8CC9A6C82C87556D00475A24 /* Release */ = {
			isa = XCBuildConfiguration;
			buildSettings = {
				ALWAYS_SEARCH_USER_PATHS = NO;
				ASSETCATALOG_COMPILER_GENERATE_SWIFT_ASSET_SYMBOL_EXTENSIONS = YES;
				CLANG_ANALYZER_NONNULL = YES;
				CLANG_ANALYZER_NUMBER_OBJECT_CONVERSION = YES_AGGRESSIVE;
				CLANG_CXX_LANGUAGE_STANDARD = "gnu++20";
				CLANG_ENABLE_MODULES = YES;
				CLANG_ENABLE_OBJC_ARC = YES;
				CLANG_ENABLE_OBJC_WEAK = YES;
				CLANG_WARN_BLOCK_CAPTURE_AUTORELEASING = YES;
				CLANG_WARN_BOOL_CONVERSION = YES;
				CLANG_WARN_COMMA = YES;
				CLANG_WARN_CONSTANT_CONVERSION = YES;
				CLANG_WARN_DEPRECATED_OBJC_IMPLEMENTATIONS = YES;
				CLANG_WARN_DIRECT_OBJC_ISA_USAGE = YES_ERROR;
				CLANG_WARN_DOCUMENTATION_COMMENTS = YES;
				CLANG_WARN_EMPTY_BODY = YES;
				CLANG_WARN_ENUM_CONVERSION = YES;
				CLANG_WARN_INFINITE_RECURSION = YES;
				CLANG_WARN_INT_CONVERSION = YES;
				CLANG_WARN_NON_LITERAL_NULL_CONVERSION = YES;
				CLANG_WARN_OBJC_IMPLICIT_RETAIN_SELF = YES;
				CLANG_WARN_OBJC_LITERAL_CONVERSION = YES;
				CLANG_WARN_OBJC_ROOT_CLASS = YES_ERROR;
				CLANG_WARN_QUOTED_INCLUDE_IN_FRAMEWORK_HEADER = YES;
				CLANG_WARN_RANGE_LOOP_ANALYSIS = YES;
				CLANG_WARN_STRICT_PROTOTYPES = YES;
				CLANG_WARN_SUSPICIOUS_MOVE = YES;
				CLANG_WARN_UNGUARDED_AVAILABILITY = YES_AGGRESSIVE;
				CLANG_WARN_UNREACHABLE_CODE = YES;
				CLANG_WARN__DUPLICATE_METHOD_MATCH = YES;
				COPY_PHASE_STRIP = NO;
				DEBUG_INFORMATION_FORMAT = "dwarf-with-dsym";
				ENABLE_NS_ASSERTIONS = NO;
				ENABLE_STRICT_OBJC_MSGSEND = YES;
				ENABLE_USER_SCRIPT_SANDBOXING = YES;
				GCC_C_LANGUAGE_STANDARD = gnu17;
				GCC_NO_COMMON_BLOCKS = YES;
				GCC_WARN_64_TO_32_BIT_CONVERSION = YES;
				GCC_WARN_ABOUT_RETURN_TYPE = YES_ERROR;
				GCC_WARN_UNDECLARED_SELECTOR = YES;
				GCC_WARN_UNINITIALIZED_AUTOS = YES_AGGRESSIVE;
				GCC_WARN_UNUSED_FUNCTION = YES;
				GCC_WARN_UNUSED_VARIABLE = YES;
				IPHONEOS_DEPLOYMENT_TARGET = 17.5;
				LOCALIZATION_PREFERS_STRING_CATALOGS = YES;
				MTL_ENABLE_DEBUG_INFO = NO;
				MTL_FAST_MATH = YES;
				SDKROOT = iphoneos;
				SWIFT_COMPILATION_MODE = wholemodule;
				VALIDATE_PRODUCT = YES;
			};
			name = Release;
		};
		8CC9A6CA2C87556D00475A24 /* Debug */ = {
			isa = XCBuildConfiguration;
			buildSettings = {
				ASSETCATALOG_COMPILER_APPICON_NAME = AppIcon;
				ASSETCATALOG_COMPILER_GLOBAL_ACCENT_COLOR_NAME = AccentColor;
				CODE_SIGN_STYLE = Automatic;
				CURRENT_PROJECT_VERSION = 1;
				DEVELOPMENT_ASSET_PATHS = "\"RumbaV2.0/Preview Content\"";
				DEVELOPMENT_TEAM = NY24Z9G667;
				ENABLE_PREVIEWS = YES;
				GENERATE_INFOPLIST_FILE = YES;
				INFOPLIST_FILE = "RumbaV2-0-Info.plist";
				INFOPLIST_KEY_UIApplicationSceneManifest_Generation = YES;
				INFOPLIST_KEY_UIApplicationSupportsIndirectInputEvents = YES;
				INFOPLIST_KEY_UISupportedInterfaceOrientations_iPad = "UIInterfaceOrientationPortrait UIInterfaceOrientationPortraitUpsideDown UIInterfaceOrientationLandscapeLeft UIInterfaceOrientationLandscapeRight";
				INFOPLIST_KEY_UISupportedInterfaceOrientations_iPhone = "UIInterfaceOrientationPortrait UIInterfaceOrientationLandscapeLeft UIInterfaceOrientationLandscapeRight";
				IPHONEOS_DEPLOYMENT_TARGET = 16.0;
				LD_RUNPATH_SEARCH_PATHS = (
					"$(inherited)",
					"@executable_path/Frameworks",
				);
				MARKETING_VERSION = 1.0;
				PRODUCT_BUNDLE_IDENTIFIER = "jairolc.RumbaV2-0";
				PRODUCT_NAME = "$(TARGET_NAME)";
				SWIFT_EMIT_LOC_STRINGS = YES;
				SWIFT_VERSION = 5.0;
				TARGETED_DEVICE_FAMILY = "1,2";
			};
			name = Debug;
		};
		8CC9A6CB2C87556D00475A24 /* Release */ = {
			isa = XCBuildConfiguration;
			buildSettings = {
				ASSETCATALOG_COMPILER_APPICON_NAME = AppIcon;
				ASSETCATALOG_COMPILER_GLOBAL_ACCENT_COLOR_NAME = AccentColor;
				CODE_SIGN_STYLE = Automatic;
				CURRENT_PROJECT_VERSION = 1;
				DEVELOPMENT_ASSET_PATHS = "\"RumbaV2.0/Preview Content\"";
				DEVELOPMENT_TEAM = NY24Z9G667;
				ENABLE_PREVIEWS = YES;
				GENERATE_INFOPLIST_FILE = YES;
				INFOPLIST_FILE = "RumbaV2-0-Info.plist";
				INFOPLIST_KEY_UIApplicationSceneManifest_Generation = YES;
				INFOPLIST_KEY_UIApplicationSupportsIndirectInputEvents = YES;
				INFOPLIST_KEY_UISupportedInterfaceOrientations_iPad = "UIInterfaceOrientationPortrait UIInterfaceOrientationPortraitUpsideDown UIInterfaceOrientationLandscapeLeft UIInterfaceOrientationLandscapeRight";
				INFOPLIST_KEY_UISupportedInterfaceOrientations_iPhone = "UIInterfaceOrientationPortrait UIInterfaceOrientationLandscapeLeft UIInterfaceOrientationLandscapeRight";
				IPHONEOS_DEPLOYMENT_TARGET = 16.0;
				LD_RUNPATH_SEARCH_PATHS = (
					"$(inherited)",
					"@executable_path/Frameworks",
				);
				MARKETING_VERSION = 1.0;
				PRODUCT_BUNDLE_IDENTIFIER = "jairolc.RumbaV2-0";
				PRODUCT_NAME = "$(TARGET_NAME)";
				SWIFT_EMIT_LOC_STRINGS = YES;
				SWIFT_VERSION = 5.0;
				TARGETED_DEVICE_FAMILY = "1,2";
			};
			name = Release;
		};
/* End XCBuildConfiguration section */

/* Begin XCConfigurationList section */
		8CC9A6B62C87556B00475A24 /* Build configuration list for PBXProject "RumbaV2.0" */ = {
			isa = XCConfigurationList;
			buildConfigurations = (
				8CC9A6C72C87556D00475A24 /* Debug */,
				8CC9A6C82C87556D00475A24 /* Release */,
			);
			defaultConfigurationIsVisible = 0;
			defaultConfigurationName = Release;
		};
		8CC9A6C92C87556D00475A24 /* Build configuration list for PBXNativeTarget "RumbaV2.0" */ = {
			isa = XCConfigurationList;
			buildConfigurations = (
				8CC9A6CA2C87556D00475A24 /* Debug */,
				8CC9A6CB2C87556D00475A24 /* Release */,
			);
			defaultConfigurationIsVisible = 0;
			defaultConfigurationName = Release;
		};
/* End XCConfigurationList section */
	};
	rootObject = 8CC9A6B32C87556B00475A24 /* Project object */;
}
